
Microsoft Visual Studio Solution File, Format Version 12.00
# Visual Studio Version 17
VisualStudioVersion = 17.11.35222.181
MinimumVisualStudioVersion = 10.0.40219.1
Project("{FAE04EC0-301F-11D3-BF4B-00C04F79EFBC}") = "firstWeb", "firstWeb.csproj", "{8B88FCA8-F533-4281-8B35-38EB576438FE}"
EndProject
Global
	GlobalSection(SolutionConfigurationPlatforms) = preSolution
		Debug|Any CPU = Debug|Any CPU
		Release|Any CPU = Release|Any CPU
	EndGlobalSection
	GlobalSection(ProjectConfigurationPlatforms) = postSolution
		{8B88FCA8-F533-4281-8B35-38EB576438FE}.Debug|Any CPU.ActiveCfg = Debug|Any CPU
		{8B88FCA8-F533-4281-8B35-38EB576438FE}.Debug|Any CPU.Build.0 = Debug|Any CPU
		{8B88FCA8-F533-4281-8B35-38EB576438FE}.Release|Any CPU.ActiveCfg = Release|Any CPU
		{8B88FCA8-F533-4281-8B35-38EB576438FE}.Release|Any CPU.Build.0 = Release|Any CPU
	EndGlobalSection
	GlobalSection(SolutionProperties) = preSolution
		HideSolutionNode = FALSE
	EndGlobalSection
	GlobalSection(ExtensibilityGlobals) = postSolution
		SolutionGuid = {554547D0-53E2-4C1A-8741-6A5CADABDA63}
	EndGlobalSection
EndGlobal
